
Microsoft Visual Studio Solution File, Format Version 12.00
# Visual Studio Version 16
VisualStudioVersion = 16.0.31624.102
MinimumVisualStudioVersion = 10.0.40219.1
Project("{9092AA53-FB77-4645-B42D-1CCCA6BD08BD}") = "T.amazon2", "T.amazon2\T.amazon2.njsproj", "{D343E492-ABC1-4F79-91C1-BA08CD503637}"
EndProject
Global
	GlobalSection(SolutionConfigurationPlatforms) = preSolution
		Debug|Any CPU = Debug|Any CPU
		Release|Any CPU = Release|Any CPU
	EndGlobalSection
	GlobalSection(ProjectConfigurationPlatforms) = postSolution
		{D343E492-ABC1-4F79-91C1-BA08CD503637}.Debug|Any CPU.ActiveCfg = Debug|Any CPU
		{D343E492-ABC1-4F79-91C1-BA08CD503637}.Debug|Any CPU.Build.0 = Debug|Any CPU
		{D343E492-ABC1-4F79-91C1-BA08CD503637}.Release|Any CPU.ActiveCfg = Release|Any CPU
		{D343E492-ABC1-4F79-91C1-BA08CD503637}.Release|Any CPU.Build.0 = Release|Any CPU
	EndGlobalSection
	GlobalSection(SolutionProperties) = preSolution
		HideSolutionNode = FALSE
	EndGlobalSection
	GlobalSection(ExtensibilityGlobals) = postSolution
		SolutionGuid = {BB9EC0B3-2805-448D-86B4-CB388A836E82}
	EndGlobalSection
EndGlobal
